# This file is automatically @generated by Cargo.
# It is not intended for manual editing.
version = 4

[[package]]
name = "nonempty"
version = "0.1.0"
dependencies = [
 "then",
]

[[package]]
name = "then"
version = "0.1.1"
source = "git+https://github.com/Mearkatz/then#683f99f4a3fd2f0e1f165a3eb80d5c4582eeb26e"
